
Microsoft Visual Studio Solution File, Format Version 12.00
# Visual Studio Version 17
VisualStudioVersion = 17.5.001.0
MinimumVisualStudioVersion = 10.0.40219.1
Project("{9A19103F-16F7-4668-BE54-9A1E7A4F7556}") = "geoserverProxy", "geoserverProxy.csproj", "{059ED3BB-4D1A-4EE0-8E66-4940D924A129}"
EndProject
Global
	GlobalSection(SolutionConfigurationPlatforms) = preSolution
		Debug|Any CPU = Debug|Any CPU
		Release|Any CPU = Release|Any CPU
	EndGlobalSection
	GlobalSection(ProjectConfigurationPlatforms) = postSolution
		{059ED3BB-4D1A-4EE0-8E66-4940D924A129}.Debug|Any CPU.ActiveCfg = Debug|Any CPU
		{059ED3BB-4D1A-4EE0-8E66-4940D924A129}.Debug|Any CPU.Build.0 = Debug|Any CPU
		{059ED3BB-4D1A-4EE0-8E66-4940D924A129}.Release|Any CPU.ActiveCfg = Release|Any CPU
		{059ED3BB-4D1A-4EE0-8E66-4940D924A129}.Release|Any CPU.Build.0 = Release|Any CPU
	EndGlobalSection
	GlobalSection(SolutionProperties) = preSolution
		HideSolutionNode = FALSE
	EndGlobalSection
	GlobalSection(ExtensibilityGlobals) = postSolution
		SolutionGuid = {CF806859-4580-46DC-9D48-76CE063FCB07}
	EndGlobalSection
EndGlobal
